
Microsoft Visual Studio Solution File, Format Version 12.00
# Visual Studio Version 17
VisualStudioVersion = 17.0.31717.71
MinimumVisualStudioVersion = 10.0.40219.1
Project("{FAE04EC0-301F-11D3-BF4B-00C04F79EFBC}") = "Alg_lab_6", "Alg_lab_6\Alg_lab_6.csproj", "{A7BF6BC4-02E2-4BE5-9F53-0FA344730387}"
EndProject
Global
	GlobalSection(SolutionConfigurationPlatforms) = preSolution
		Debug|Any CPU = Debug|Any CPU
		Release|Any CPU = Release|Any CPU
	EndGlobalSection
	GlobalSection(ProjectConfigurationPlatforms) = postSolution
		{A7BF6BC4-02E2-4BE5-9F53-0FA344730387}.Debug|Any CPU.ActiveCfg = Debug|Any CPU
		{A7BF6BC4-02E2-4BE5-9F53-0FA344730387}.Debug|Any CPU.Build.0 = Debug|Any CPU
		{A7BF6BC4-02E2-4BE5-9F53-0FA344730387}.Release|Any CPU.ActiveCfg = Release|Any CPU
		{A7BF6BC4-02E2-4BE5-9F53-0FA344730387}.Release|Any CPU.Build.0 = Release|Any CPU
	EndGlobalSection
	GlobalSection(SolutionProperties) = preSolution
		HideSolutionNode = FALSE
	EndGlobalSection
	GlobalSection(ExtensibilityGlobals) = postSolution
		SolutionGuid = {CDF1AEDA-F3BD-40D9-8C3F-47CE19EFDD04}
	EndGlobalSection
EndGlobal
